
Microsoft Visual Studio Solution File, Format Version 12.00
# Visual Studio Version 17
VisualStudioVersion = 17.6.33723.286
MinimumVisualStudioVersion = 10.0.40219.1
Project("{FAE04EC0-301F-11D3-BF4B-00C04F79EFBC}") = "LoginApp", "LoginApp.csproj", "{D8314AEC-0792-448A-947D-214E715C2D55}"
EndProject
Global
	GlobalSection(SolutionConfigurationPlatforms) = preSolution
		Debug|Any CPU = Debug|Any CPU
		Release|Any CPU = Release|Any CPU
	EndGlobalSection
	GlobalSection(ProjectConfigurationPlatforms) = postSolution
		{D8314AEC-0792-448A-947D-214E715C2D55}.Debug|Any CPU.ActiveCfg = Debug|Any CPU
		{D8314AEC-0792-448A-947D-214E715C2D55}.Debug|Any CPU.Build.0 = Debug|Any CPU
		{D8314AEC-0792-448A-947D-214E715C2D55}.Release|Any CPU.ActiveCfg = Release|Any CPU
		{D8314AEC-0792-448A-947D-214E715C2D55}.Release|Any CPU.Build.0 = Release|Any CPU
	EndGlobalSection
	GlobalSection(SolutionProperties) = preSolution
		HideSolutionNode = FALSE
	EndGlobalSection
	GlobalSection(ExtensibilityGlobals) = postSolution
		SolutionGuid = {35DF1D1F-7158-4288-8DE5-4475A9FB66D3}
	EndGlobalSection
EndGlobal
